# Generated by buf. DO NOT EDIT.
version: v1
deps:
  - remote: buf.build
    owner: googleapis
    repository: googleapis
    commit: 28151c0d0a1641bf938a7672c500e01d
    digest: shake256:49215edf8ef57f7863004539deff8834cfb2195113f0b890dd1f67815d9353e28e668019165b9d872395871eeafcbab3ccfdb2b5f11734d3cca95be9e8d139de
  - remote: buf.build
    owner: kyosk-test
    repository: platform
    commit: e11ec98f67474a6fabcaab3c8e4ddb43
    digest: shake256:17d672382d0c13cada8d668eded446dc9cba53db207a05c816f45016786ef9c3366d9ec0fee8f38e241da70a46c628fd7e5bd6feed566aac139112ba96e13b91
