# Generated by buf. DO NOT EDIT.
version: v1
deps:
  - remote: buf.build
    owner: googleapis
    repository: googleapis
    commit: 7e6f6e774e29406da95bd61cdcdbc8bc
    digest: shake256:fe43dd2265ea0c07d76bd925eeba612667cf4c948d2ce53d6e367e1b4b3cb5fa69a51e6acb1a6a50d32f894f054a35e6c0406f6808a483f2752e10c866ffbf73
  - remote: buf.build
    owner: kyosk-test
    repository: platform
    commit: ba2ed2a5a301479b82aad49b0b1594d5
    digest: shake256:60adf181d154f45b916e545892a5d138b70822cd82c3a0ac0bc7d48567fd5f9c68f5a87e336c1156a2a95032cd89e11407945263c9dcdc20ada31d62a6c9004b
