# Generated by buf. DO NOT EDIT.
version: v1
deps:
  - remote: buf.build
    owner: googleapis
    repository: googleapis
    commit: cc916c31859748a68fd229a3c8d7a2e8
    digest: shake256:469b049d0eb04203d5272062636c078decefc96fec69739159c25d85349c50c34c7706918a8b216c5c27f76939df48452148cff8c5c3ae77fa6ba5c25c1b8bf8
  - remote: buf.build
    owner: kyosk-test
    repository: platform
    commit: 3022f83d920a400f96ba227b37ce60cc
    digest: shake256:f20a97590ad7e5e7327003149da9c47408df3bbf45787e82789df7357a22ec9a20e8c555a99f3c0f3302f39ccde1945df6c1f731ac5f8cd3ed63f5b6337e27f7
