# Generated by buf. DO NOT EDIT.
version: v1
deps:
  - remote: buf.build
    owner: googleapis
    repository: googleapis
    commit: 463926e7ee924d46ad0a726e1cf4eacd
  - remote: buf.build
    owner: kyosk-test
    repository: erpnext
    commit: 76d6c411bdf84ff88aeecb10326488dc
  - remote: buf.build
    owner: kyosk-test
    repository: platform
    commit: acc4b5c440a941c59ed9dd1f5aeda19a
