# Generated by buf. DO NOT EDIT.
version: v1
deps:
  - remote: buf.build
    owner: googleapis
    repository: googleapis
    commit: 5ae7f88519b04fe1965da0f8a375a088
  - remote: buf.build
    owner: kyosk-test
    repository: erpnext
    commit: d815061fc4494bc98edb3ee8ffef126a
  - remote: buf.build
    owner: kyosk-test
    repository: platform
    commit: 2cc5f916ed3f4d44b43ba15cd47b3558
