# Generated by buf. DO NOT EDIT.
version: v1
deps:
  - remote: buf.build
    owner: googleapis
    repository: googleapis
    commit: 5ae7f88519b04fe1965da0f8a375a088
  - remote: buf.build
    owner: kyosk-test
    repository: erpnext
    commit: 0faad3ac61b5470798b142c81c9a3b1f
  - remote: buf.build
    owner: kyosk-test
    repository: platform
    commit: 0864c34e420249d6818ff4633bab497b
